
Microsoft Visual Studio Solution File, Format Version 12.00
# Visual Studio Version 16
VisualStudioVersion = 16.0.32413.511
MinimumVisualStudioVersion = 10.0.40219.1
Project("{FAE04EC0-301F-11D3-BF4B-00C04F79EFBC}") = "Djalma 2", "Djalma 2\Djalma 2.csproj", "{7F278EB5-D98B-4DAA-B437-5F50AC1B26D8}"
EndProject
Global
	GlobalSection(SolutionConfigurationPlatforms) = preSolution
		Debug|Any CPU = Debug|Any CPU
		Release|Any CPU = Release|Any CPU
	EndGlobalSection
	GlobalSection(ProjectConfigurationPlatforms) = postSolution
		{7F278EB5-D98B-4DAA-B437-5F50AC1B26D8}.Debug|Any CPU.ActiveCfg = Debug|Any CPU
		{7F278EB5-D98B-4DAA-B437-5F50AC1B26D8}.Debug|Any CPU.Build.0 = Debug|Any CPU
		{7F278EB5-D98B-4DAA-B437-5F50AC1B26D8}.Release|Any CPU.ActiveCfg = Release|Any CPU
		{7F278EB5-D98B-4DAA-B437-5F50AC1B26D8}.Release|Any CPU.Build.0 = Release|Any CPU
	EndGlobalSection
	GlobalSection(SolutionProperties) = preSolution
		HideSolutionNode = FALSE
	EndGlobalSection
	GlobalSection(ExtensibilityGlobals) = postSolution
		SolutionGuid = {D5FC5C8F-5753-466C-B4BD-B587B9597D3A}
	EndGlobalSection
EndGlobal
